
Microsoft Visual Studio Solution File, Format Version 12.00
# Visual Studio Version 17
VisualStudioVersion = 17.13.35931.197 d17.13
MinimumVisualStudioVersion = 10.0.40219.1
Project("{FAE04EC0-301F-11D3-BF4B-00C04F79EFBC}") = "Drool", "Drool\Drool.csproj", "{DA6CEEF8-8D95-43B3-90AE-1BCE2ED88B95}"
EndProject
Global
	GlobalSection(SolutionConfigurationPlatforms) = preSolution
		Debug|Any CPU = Debug|Any CPU
		Release|Any CPU = Release|Any CPU
	EndGlobalSection
	GlobalSection(ProjectConfigurationPlatforms) = postSolution
		{DA6CEEF8-8D95-43B3-90AE-1BCE2ED88B95}.Debug|Any CPU.ActiveCfg = Debug|Any CPU
		{DA6CEEF8-8D95-43B3-90AE-1BCE2ED88B95}.Debug|Any CPU.Build.0 = Debug|Any CPU
		{DA6CEEF8-8D95-43B3-90AE-1BCE2ED88B95}.Release|Any CPU.ActiveCfg = Release|Any CPU
		{DA6CEEF8-8D95-43B3-90AE-1BCE2ED88B95}.Release|Any CPU.Build.0 = Release|Any CPU
	EndGlobalSection
	GlobalSection(SolutionProperties) = preSolution
		HideSolutionNode = FALSE
	EndGlobalSection
	GlobalSection(ExtensibilityGlobals) = postSolution
		SolutionGuid = {F0BD9A26-2931-4FC0-BD06-21E6EE4ED78B}
	EndGlobalSection
EndGlobal
